
Microsoft Visual Studio Solution File, Format Version 12.00
# Visual Studio Version 16
VisualStudioVersion = 16.0.31410.357
MinimumVisualStudioVersion = 10.0.40219.1
Project("{FAE04EC0-301F-11D3-BF4B-00C04F79EFBC}") = "BuggyCarsUiAutomation", "BuggyCarsUiAutomation.csproj", "{2EB82CF4-65D5-4686-9688-7129B774DCD2}"
EndProject
Global
	GlobalSection(SolutionConfigurationPlatforms) = preSolution
		Debug|Any CPU = Debug|Any CPU
		Release|Any CPU = Release|Any CPU
	EndGlobalSection
	GlobalSection(ProjectConfigurationPlatforms) = postSolution
		{2EB82CF4-65D5-4686-9688-7129B774DCD2}.Debug|Any CPU.ActiveCfg = Debug|Any CPU
		{2EB82CF4-65D5-4686-9688-7129B774DCD2}.Debug|Any CPU.Build.0 = Debug|Any CPU
		{2EB82CF4-65D5-4686-9688-7129B774DCD2}.Release|Any CPU.ActiveCfg = Release|Any CPU
		{2EB82CF4-65D5-4686-9688-7129B774DCD2}.Release|Any CPU.Build.0 = Release|Any CPU
	EndGlobalSection
	GlobalSection(SolutionProperties) = preSolution
		HideSolutionNode = FALSE
	EndGlobalSection
	GlobalSection(ExtensibilityGlobals) = postSolution
		SolutionGuid = {7D68BD1A-CE1E-4818-9918-3BA42A89246C}
	EndGlobalSection
EndGlobal
